
Microsoft Visual Studio Solution File, Format Version 12.00
# Visual Studio Version 16
VisualStudioVersion = 16.0.29728.190
MinimumVisualStudioVersion = 10.0.40219.1
Project("{FAE04EC0-301F-11D3-BF4B-00C04F79EFBC}") = "Garant", "Garant\Garant.csproj", "{EA2B22C4-46F8-4723-99F7-FD90D9C074EC}"
EndProject
Global
	GlobalSection(SolutionConfigurationPlatforms) = preSolution
		Debug|Any CPU = Debug|Any CPU
		Release|Any CPU = Release|Any CPU
	EndGlobalSection
	GlobalSection(ProjectConfigurationPlatforms) = postSolution
		{EA2B22C4-46F8-4723-99F7-FD90D9C074EC}.Debug|Any CPU.ActiveCfg = Debug|Any CPU
		{EA2B22C4-46F8-4723-99F7-FD90D9C074EC}.Debug|Any CPU.Build.0 = Debug|Any CPU
		{EA2B22C4-46F8-4723-99F7-FD90D9C074EC}.Release|Any CPU.ActiveCfg = Release|Any CPU
		{EA2B22C4-46F8-4723-99F7-FD90D9C074EC}.Release|Any CPU.Build.0 = Release|Any CPU
	EndGlobalSection
	GlobalSection(SolutionProperties) = preSolution
		HideSolutionNode = FALSE
	EndGlobalSection
	GlobalSection(ExtensibilityGlobals) = postSolution
		SolutionGuid = {FA66A7D7-E849-4692-8459-B4B54CFE5B00}
	EndGlobalSection
EndGlobal
